
Microsoft Visual Studio Solution File, Format Version 12.00
# Visual Studio Version 17
VisualStudioVersion = 17.7.34031.279
MinimumVisualStudioVersion = 10.0.40219.1
Project("{FAE04EC0-301F-11D3-BF4B-00C04F79EFBC}") = "Shooting_Gallery", "Shooting_Gallery\Shooting_Gallery.csproj", "{3F442F10-B45B-4911-8DBD-699E6B61348E}"
EndProject
Global
	GlobalSection(SolutionConfigurationPlatforms) = preSolution
		Debug|Any CPU = Debug|Any CPU
		Release|Any CPU = Release|Any CPU
	EndGlobalSection
	GlobalSection(ProjectConfigurationPlatforms) = postSolution
		{3F442F10-B45B-4911-8DBD-699E6B61348E}.Debug|Any CPU.ActiveCfg = Debug|Any CPU
		{3F442F10-B45B-4911-8DBD-699E6B61348E}.Debug|Any CPU.Build.0 = Debug|Any CPU
		{3F442F10-B45B-4911-8DBD-699E6B61348E}.Release|Any CPU.ActiveCfg = Release|Any CPU
		{3F442F10-B45B-4911-8DBD-699E6B61348E}.Release|Any CPU.Build.0 = Release|Any CPU
	EndGlobalSection
	GlobalSection(SolutionProperties) = preSolution
		HideSolutionNode = FALSE
	EndGlobalSection
	GlobalSection(ExtensibilityGlobals) = postSolution
		SolutionGuid = {9F841737-5A61-4FCB-9B5A-B99297E946D0}
	EndGlobalSection
EndGlobal
